// !$*UTF8*$!
{
	archiveVersion = 1;
	classes = {
	};
	objectVersion = 77;
	objects = {

/* Begin PBXBuildFile section */
		3163F0CC2EFEAE2B000AE609 /* SmartCalorieTrackerApp.swift in Sources */ = {isa = PBXBuildFile; fileRef = 3163F0CB2EFEACE6000AE609 /* SmartCalorieTrackerApp.swift */; };
/* End PBXBuildFile section */

/* Begin PBXContainerItemProxy section */
		3122FBF22EEAC3FC0071184E /* PBXContainerItemProxy */ = {
			isa = PBXContainerItemProxy;
			containerPortal = 3122FBDA2EEAC3F90071184E /* Project object */;
			proxyType = 1;
			remoteGlobalIDString = 3122FBE12EEAC3F90071184E;
			remoteInfo = "smart-calorie-tracker";
		};
		3122FBFC2EEAC3FC0071184E /* PBXContainerItemProxy */ = {
			isa = PBXContainerItemProxy;
			containerPortal = 3122FBDA2EEAC3F90071184E /* Project object */;
			proxyType = 1;
			remoteGlobalIDString = 3122FBE12EEAC3F90071184E;
			remoteInfo = "smart-calorie-tracker";
		};
/* End PBXContainerItemProxy section */

/* Begin PBXFileReference section */
		3122FBE22EEAC3F90071184E /* smart-calorie-tracker.app */ = {isa = PBXFileReference; explicitFileType = wrapper.application; includeInIndex = 0; path = "smart-calorie-tracker.app"; sourceTree = BUILT_PRODUCTS_DIR; };
		3122FBF12EEAC3FC0071184E /* smart-calorie-trackerTests.xctest */ = {isa = PBXFileReference; explicitFileType = wrapper.cfbundle; includeInIndex = 0; path = "smart-calorie-trackerTests.xctest"; sourceTree = BUILT_PRODUCTS_DIR; };
		3122FBFB2EEAC3FC0071184E /* smart-calorie-trackerUITests.xctest */ = {isa = PBXFileReference; explicitFileType = wrapper.cfbundle; includeInIndex = 0; path = "smart-calorie-trackerUITests.xctest"; sourceTree = BUILT_PRODUCTS_DIR; };
		3163F0CB2EFEACE6000AE609 /* SmartCalorieTrackerApp.swift */ = {isa = PBXFileReference; lastKnownFileType = sourcecode.swift; path = SmartCalorieTrackerApp.swift; sourceTree = "<group>"; };
/* End PBXFileReference section */

/* Begin PBXFileSystemSynchronizedRootGroup section */
		3122FBE42EEAC3F90071184E /* smart-calorie-tracker */ = {
			isa = PBXFileSystemSynchronizedRootGroup;
			path = "smart-calorie-tracker";
			sourceTree = "<group>";
		};
		3122FBF42EEAC3FC0071184E /* smart-calorie-trackerTests */ = {
			isa = PBXFileSystemSynchronizedRootGroup;
			path = "smart-calorie-trackerTests";
			sourceTree = "<group>";
		};
		3122FBFE2EEAC3FC0071184E /* smart-calorie-trackerUITests */ = {
			isa = PBXFileSystemSynchronizedRootGroup;
			path = "smart-calorie-trackerUITests";
			sourceTree = "<group>";
		};
/* End PBXFileSystemSynchronizedRootGroup section */

/* Begin PBXFrameworksBuildPhase section */
		3122FBDF2EEAC3F90071184E /* Frameworks */ = {
			isa = PBXFrameworksBuildPhase;
			buildActionMask = 2147483647;
			files = (
			);
			runOnlyForDeploymentPostprocessing = 0;
		};
		3122FBEE2EEAC3FC0071184E /* Frameworks */ = {
			isa = PBXFrameworksBuildPhase;
			buildActionMask = 2147483647;
			files = (
			);
			runOnlyForDeploymentPostprocessing = 0;
		};
		3122FBF82EEAC3FC0071184E /* Frameworks */ = {
			isa = PBXFrameworksBuildPhase;
			buildActionMask = 2147483647;
			files = (
			);
			runOnlyForDeploymentPostprocessing = 0;
		};
/* End PBXFrameworksBuildPhase section */

/* Begin PBXGroup section */
		3122FBD92EEAC3F90071184E = {
			isa = PBXGroup;
			children = (
				3163F0CA2EFEACD2000AE609 /* app */,
				3122FBE42EEAC3F90071184E /* smart-calorie-tracker */,
				3122FBF42EEAC3FC0071184E /* smart-calorie-trackerTests */,
				3122FBFE2EEAC3FC0071184E /* smart-calorie-trackerUITests */,
				3122FBE32EEAC3F90071184E /* Products */,
			);
			sourceTree = "<group>";
		};
		3122FBE32EEAC3F90071184E /* Products */ = {
			isa = PBXGroup;
			children = (
				3122FBE22EEAC3F90071184E /* smart-calorie-tracker.app */,
				3122FBF12EEAC3FC0071184E /* smart-calorie-trackerTests.xctest */,
				3122FBFB2EEAC3FC0071184E /* smart-calorie-trackerUITests.xctest */,
			);
			name = Products;
			sourceTree = "<group>";
		};
		3163F0CA2EFEACD2000AE609 /* app */ = {
			isa = PBXGroup;
			children = (
				3163F0CB2EFEACE6000AE609 /* SmartCalorieTrackerApp.swift */,
			);
			path = app;
			sourceTree = "<group>";
		};
/* End PBXGroup section */

/* Begin PBXNativeTarget section */
		3122FBE12EEAC3F90071184E /* smart-calorie-tracker */ = {
			isa = PBXNativeTarget;
			buildConfigurationList = 3122FC052EEAC3FC0071184E /* Build configuration list for PBXNativeTarget "smart-calorie-tracker" */;
			buildPhases = (
				3122FBDE2EEAC3F90071184E /* Sources */,
				3122FBDF2EEAC3F90071184E /* Frameworks */,
				3122FBE02EEAC3F90071184E /* Resources */,
			);
			buildRules = (
			);
			dependencies = (
			);
			fileSystemSynchronizedGroups = (
				3122FBE42EEAC3F90071184E /* smart-calorie-tracker */,
			);
			name = "smart-calorie-tracker";
			packageProductDependencies = (
			);
			productName = "smart-calorie-tracker";
			productReference = 3122FBE22EEAC3F90071184E /* smart-calorie-tracker.app */;
			productType = "com.apple.product-type.application";
		};
		3122FBF02EEAC3FC0071184E /* smart-calorie-trackerTests */ = {
			isa = PBXNativeTarget;
			buildConfigurationList = 3122FC082EEAC3FC0071184E /* Build configuration list for PBXNativeTarget "smart-calorie-trackerTests" */;
			buildPhases = (
				3122FBED2EEAC3FC0071184E /* Sources */,
				3122FBEE2EEAC3FC0071184E /* Frameworks */,
				3122FBEF2EEAC3FC0071184E /* Resources */,
			);
			buildRules = (
			);
			dependencies = (
				3122FBF32EEAC3FC0071184E /* PBXTargetDependency */,
			);
			fileSystemSynchronizedGroups = (
				3122FBF42EEAC3FC0071184E /* smart-calorie-trackerTests */,
			);
			name = "smart-calorie-trackerTests";
			packageProductDependencies = (
			);
			productName = "smart-calorie-trackerTests";
			productReference = 3122FBF12EEAC3FC0071184E /* smart-calorie-trackerTests.xctest */;
			productType = "com.apple.product-type.bundle.unit-test";
		};
		3122FBFA2EEAC3FC0071184E /* smart-calorie-trackerUITests */ = {
			isa = PBXNativeTarget;
			buildConfigurationList = 3122FC0B2EEAC3FC0071184E /* Build configuration list for PBXNativeTarget "smart-calorie-trackerUITests" */;
			buildPhases = (
				3122FBF72EEAC3FC0071184E /* Sources */,
				3122FBF82EEAC3FC0071184E /* Frameworks */,
				3122FBF92EEAC3FC0071184E /* Resources */,
			);
			buildRules = (
			);
			dependencies = (
				3122FBFD2EEAC3FC0071184E /* PBXTargetDependency */,
			);
			fileSystemSynchronizedGroups = (
				3122FBFE2EEAC3FC0071184E /* smart-calorie-trackerUITests */,
			);
			name = "smart-calorie-trackerUITests";
			packageProductDependencies = (
			);
			productName = "smart-calorie-trackerUITests";
			productReference = 3122FBFB2EEAC3FC0071184E /* smart-calorie-trackerUITests.xctest */;
			productType = "com.apple.product-type.bundle.ui-testing";
		};
/* End PBXNativeTarget section */

/* Begin PBXProject section */
		3122FBDA2EEAC3F90071184E /* Project object */ = {
			isa = PBXProject;
			attributes = {
				BuildIndependentTargetsInParallel = 1;
				LastSwiftUpdateCheck = 2610;
				LastUpgradeCheck = 2610;
				TargetAttributes = {
					3122FBE12EEAC3F90071184E = {
						CreatedOnToolsVersion = 26.1.1;
					};
					3122FBF02EEAC3FC0071184E = {
						CreatedOnToolsVersion = 26.1.1;
						TestTargetID = 3122FBE12EEAC3F90071184E;
					};
					3122FBFA2EEAC3FC0071184E = {
						CreatedOnToolsVersion = 26.1.1;
						TestTargetID = 3122FBE12EEAC3F90071184E;
					};
				};
			};
			buildConfigurationList = 3122FBDD2EEAC3F90071184E /* Build configuration list for PBXProject "smart-calorie-tracker" */;
			developmentRegion = en;
			hasScannedForEncodings = 0;
			knownRegions = (
				en,
				Base,
			);
			mainGroup = 3122FBD92EEAC3F90071184E;
			minimizedProjectReferenceProxies = 1;
			preferredProjectObjectVersion = 77;
			productRefGroup = 3122FBE32EEAC3F90071184E /* Products */;
			projectDirPath = "";
			projectRoot = "";
			targets = (
				3122FBE12EEAC3F90071184E /* smart-calorie-tracker */,
				3122FBF02EEAC3FC0071184E /* smart-calorie-trackerTests */,
				3122FBFA2EEAC3FC0071184E /* smart-calorie-trackerUITests */,
			);
		};
/* End PBXProject section */

/* Begin PBXResourcesBuildPhase section */
		3122FBE02EEAC3F90071184E /* Resources */ = {
			isa = PBXResourcesBuildPhase;
			buildActionMask = 2147483647;
			files = (
			);
			runOnlyForDeploymentPostprocessing = 0;
		};
		3122FBEF2EEAC3FC0071184E /* Resources */ = {
			isa = PBXResourcesBuildPhase;
			buildActionMask = 2147483647;
			files = (
			);
			runOnlyForDeploymentPostprocessing = 0;
		};
		3122FBF92EEAC3FC0071184E /* Resources */ = {
			isa = PBXResourcesBuildPhase;
			buildActionMask = 2147483647;
			files = (
			);
			runOnlyForDeploymentPostprocessing = 0;
		};
/* End PBXResourcesBuildPhase section */

/* Begin PBXSourcesBuildPhase section */
		3122FBDE2EEAC3F90071184E /* Sources */ = {
			isa = PBXSourcesBuildPhase;
			buildActionMask = 2147483647;
			files = (
				3163F0CC2EFEAE2B000AE609 /* SmartCalorieTrackerApp.swift in Sources */,
			);
			runOnlyForDeploymentPostprocessing = 0;
		};
		3122FBED2EEAC3FC0071184E /* Sources */ = {
			isa = PBXSourcesBuildPhase;
			buildActionMask = 2147483647;
			files = (
			);
			runOnlyForDeploymentPostprocessing = 0;
		};
		3122FBF72EEAC3FC0071184E /* Sources */ = {
			isa = PBXSourcesBuildPhase;
			buildActionMask = 2147483647;
			files = (
			);
			runOnlyForDeploymentPostprocessing = 0;
		};
/* End PBXSourcesBuildPhase section */

/* Begin PBXTargetDependency section */
		3122FBF32EEAC3FC0071184E /* PBXTargetDependency */ = {
			isa = PBXTargetDependency;
			target = 3122FBE12EEAC3F90071184E /* smart-calorie-tracker */;
			targetProxy = 3122FBF22EEAC3FC0071184E /* PBXContainerItemProxy */;
		};
		3122FBFD2EEAC3FC0071184E /* PBXTargetDependency */ = {
			isa = PBXTargetDependency;
			target = 3122FBE12EEAC3F90071184E /* smart-calorie-tracker */;
			targetProxy = 3122FBFC2EEAC3FC0071184E /* PBXContainerItemProxy */;
		};
/* End PBXTargetDependency section */

/* Begin XCBuildConfiguration section */
		3122FC032EEAC3FC0071184E /* Debug */ = {
			isa = XCBuildConfiguration;
			buildSettings = {
				ALWAYS_SEARCH_USER_PATHS = NO;
				ASSETCATALOG_COMPILER_GENERATE_SWIFT_ASSET_SYMBOL_EXTENSIONS = YES;
				CLANG_ANALYZER_NONNULL = YES;
				CLANG_ANALYZER_NUMBER_OBJECT_CONVERSION = YES_AGGRESSIVE;
				CLANG_CXX_LANGUAGE_STANDARD = "gnu++20";
				CLANG_ENABLE_MODULES = YES;
				CLANG_ENABLE_OBJC_ARC = YES;
				CLANG_ENABLE_OBJC_WEAK = YES;
				CLANG_WARN_BLOCK_CAPTURE_AUTORELEASING = YES;
				CLANG_WARN_BOOL_CONVERSION = YES;
				CLANG_WARN_COMMA = YES;
				CLANG_WARN_CONSTANT_CONVERSION = YES;
				CLANG_WARN_DEPRECATED_OBJC_IMPLEMENTATIONS = YES;
				CLANG_WARN_DIRECT_OBJC_ISA_USAGE = YES_ERROR;
				CLANG_WARN_DOCUMENTATION_COMMENTS = YES;
				CLANG_WARN_EMPTY_BODY = YES;
				CLANG_WARN_ENUM_CONVERSION = YES;
				CLANG_WARN_INFINITE_RECURSION = YES;
				CLANG_WARN_INT_CONVERSION = YES;
				CLANG_WARN_NON_LITERAL_NULL_CONVERSION = YES;
				CLANG_WARN_OBJC_IMPLICIT_RETAIN_SELF = YES;
				CLANG_WARN_OBJC_LITERAL_CONVERSION = YES;
				CLANG_WARN_OBJC_ROOT_CLASS = YES_ERROR;
				CLANG_WARN_QUOTED_INCLUDE_IN_FRAMEWORK_HEADER = YES;
				CLANG_WARN_RANGE_LOOP_ANALYSIS = YES;
				CLANG_WARN_STRICT_PROTOTYPES = YES;
				CLANG_WARN_SUSPICIOUS_MOVE = YES;
				CLANG_WARN_UNGUARDED_AVAILABILITY = YES_AGGRESSIVE;
				CLANG_WARN_UNREACHABLE_CODE = YES;
				CLANG_WARN__DUPLICATE_METHOD_MATCH = YES;
				COPY_PHASE_STRIP = NO;
				DEBUG_INFORMATION_FORMAT = dwarf;
				ENABLE_STRICT_OBJC_MSGSEND = YES;
				ENABLE_TESTABILITY = YES;
				ENABLE_USER_SCRIPT_SANDBOXING = YES;
				GCC_C_LANGUAGE_STANDARD = gnu17;
				GCC_DYNAMIC_NO_PIC = NO;
				GCC_NO_COMMON_BLOCKS = YES;
				GCC_OPTIMIZATION_LEVEL = 0;
				GCC_PREPROCESSOR_DEFINITIONS = (
					"DEBUG=1",
					"$(inherited)",
				);
				GCC_WARN_64_TO_32_BIT_CONVERSION = YES;
				GCC_WARN_ABOUT_RETURN_TYPE = YES_ERROR;
				GCC_WARN_UNDECLARED_SELECTOR = YES;
				GCC_WARN_UNINITIALIZED_AUTOS = YES_AGGRESSIVE;
				GCC_WARN_UNUSED_FUNCTION = YES;
				GCC_WARN_UNUSED_VARIABLE = YES;
				IPHONEOS_DEPLOYMENT_TARGET = 26.1;
				LOCALIZATION_PREFERS_STRING_CATALOGS = YES;
				MTL_ENABLE_DEBUG_INFO = INCLUDE_SOURCE;
				MTL_FAST_MATH = YES;
				ONLY_ACTIVE_ARCH = YES;
				SDKROOT = iphoneos;
				SWIFT_ACTIVE_COMPILATION_CONDITIONS = "DEBUG $(inherited)";
				SWIFT_OPTIMIZATION_LEVEL = "-Onone";
			};
			name = Debug;
		};
		3122FC042EEAC3FC0071184E /* Release */ = {
			isa = XCBuildConfiguration;
			buildSettings = {
				ALWAYS_SEARCH_USER_PATHS = NO;
				ASSETCATALOG_COMPILER_GENERATE_SWIFT_ASSET_SYMBOL_EXTENSIONS = YES;
				CLANG_ANALYZER_NONNULL = YES;
				CLANG_ANALYZER_NUMBER_OBJECT_CONVERSION = YES_AGGRESSIVE;
				CLANG_CXX_LANGUAGE_STANDARD = "gnu++20";
				CLANG_ENABLE_MODULES = YES;
				CLANG_ENABLE_OBJC_ARC = YES;
				CLANG_ENABLE_OBJC_WEAK = YES;
				CLANG_WARN_BLOCK_CAPTURE_AUTORELEASING = YES;
				CLANG_WARN_BOOL_CONVERSION = YES;
				CLANG_WARN_COMMA = YES;
				CLANG_WARN_CONSTANT_CONVERSION = YES;
				CLANG_WARN_DEPRECATED_OBJC_IMPLEMENTATIONS = YES;
				CLANG_WARN_DIRECT_OBJC_ISA_USAGE = YES_ERROR;
				CLANG_WARN_DOCUMENTATION_COMMENTS = YES;
				CLANG_WARN_EMPTY_BODY = YES;
				CLANG_WARN_ENUM_CONVERSION = YES;
				CLANG_WARN_INFINITE_RECURSION = YES;
				CLANG_WARN_INT_CONVERSION = YES;
				CLANG_WARN_NON_LITERAL_NULL_CONVERSION = YES;
				CLANG_WARN_OBJC_IMPLICIT_RETAIN_SELF = YES;
				CLANG_WARN_OBJC_LITERAL_CONVERSION = YES;
				CLANG_WARN_OBJC_ROOT_CLASS = YES_ERROR;
				CLANG_WARN_QUOTED_INCLUDE_IN_FRAMEWORK_HEADER = YES;
				CLANG_WARN_RANGE_LOOP_ANALYSIS = YES;
				CLANG_WARN_STRICT_PROTOTYPES = YES;
				CLANG_WARN_SUSPICIOUS_MOVE = YES;
				CLANG_WARN_UNGUARDED_AVAILABILITY = YES_AGGRESSIVE;
				CLANG_WARN_UNREACHABLE_CODE = YES;
				CLANG_WARN__DUPLICATE_METHOD_MATCH = YES;
				COPY_PHASE_STRIP = NO;
				DEBUG_INFORMATION_FORMAT = "dwarf-with-dsym";
				ENABLE_NS_ASSERTIONS = NO;
				ENABLE_STRICT_OBJC_MSGSEND = YES;
				ENABLE_USER_SCRIPT_SANDBOXING = YES;
				GCC_C_LANGUAGE_STANDARD = gnu17;
				GCC_NO_COMMON_BLOCKS = YES;
				GCC_WARN_64_TO_32_BIT_CONVERSION = YES;
				GCC_WARN_ABOUT_RETURN_TYPE = YES_ERROR;
				GCC_WARN_UNDECLARED_SELECTOR = YES;
				GCC_WARN_UNINITIALIZED_AUTOS = YES_AGGRESSIVE;
				GCC_WARN_UNUSED_FUNCTION = YES;
				GCC_WARN_UNUSED_VARIABLE = YES;
				IPHONEOS_DEPLOYMENT_TARGET = 26.1;
				LOCALIZATION_PREFERS_STRING_CATALOGS = YES;
				MTL_ENABLE_DEBUG_INFO = NO;
				MTL_FAST_MATH = YES;
				SDKROOT = iphoneos;
				SWIFT_COMPILATION_MODE = wholemodule;
				VALIDATE_PRODUCT = YES;
			};
			name = Release;
		};
		3122FC062EEAC3FC0071184E /* Debug */ = {
			isa = XCBuildConfiguration;
			buildSettings = {
				ASSETCATALOG_COMPILER_APPICON_NAME = AppIcon;
				ASSETCATALOG_COMPILER_GLOBAL_ACCENT_COLOR_NAME = AccentColor;
				CODE_SIGN_STYLE = Automatic;
				CURRENT_PROJECT_VERSION = 1;
				DEVELOPMENT_TEAM = XYUU5R7HYK;
				ENABLE_PREVIEWS = YES;
				GENERATE_INFOPLIST_FILE = YES;
				INFOPLIST_KEY_UIApplicationSceneManifest_Generation = YES;
				INFOPLIST_KEY_UIApplicationSupportsIndirectInputEvents = YES;
				INFOPLIST_KEY_UILaunchScreen_Generation = YES;
				INFOPLIST_KEY_UISupportedInterfaceOrientations_iPad = "UIInterfaceOrientationPortrait UIInterfaceOrientationPortraitUpsideDown UIInterfaceOrientationLandscapeLeft UIInterfaceOrientationLandscapeRight";
				INFOPLIST_KEY_UISupportedInterfaceOrientations_iPhone = "UIInterfaceOrientationPortrait UIInterfaceOrientationLandscapeLeft UIInterfaceOrientationLandscapeRight";
				IPHONEOS_DEPLOYMENT_TARGET = 18.6;
				LD_RUNPATH_SEARCH_PATHS = (
					"$(inherited)",
					"@executable_path/Frameworks",
				);
				MARKETING_VERSION = 1.0;
				PRODUCT_BUNDLE_IDENTIFIER = "com.DO-projekt.smart-calorie-tracker";
				PRODUCT_NAME = "$(TARGET_NAME)";
				STRING_CATALOG_GENERATE_SYMBOLS = YES;
				SWIFT_APPROACHABLE_CONCURRENCY = YES;
				SWIFT_DEFAULT_ACTOR_ISOLATION = MainActor;
				SWIFT_EMIT_LOC_STRINGS = YES;
				SWIFT_UPCOMING_FEATURE_MEMBER_IMPORT_VISIBILITY = YES;
				SWIFT_VERSION = 5.0;
				TARGETED_DEVICE_FAMILY = "1,2";
			};
			name = Debug;
		};
		3122FC072EEAC3FC0071184E /* Release */ = {
			isa = XCBuildConfiguration;
			buildSettings = {
				ASSETCATALOG_COMPILER_APPICON_NAME = AppIcon;
				ASSETCATALOG_COMPILER_GLOBAL_ACCENT_COLOR_NAME = AccentColor;
				CODE_SIGN_STYLE = Automatic;
				CURRENT_PROJECT_VERSION = 1;
				DEVELOPMENT_TEAM = XYUU5R7HYK;
				ENABLE_PREVIEWS = YES;
				GENERATE_INFOPLIST_FILE = YES;
				INFOPLIST_KEY_UIApplicationSceneManifest_Generation = YES;
				INFOPLIST_KEY_UIApplicationSupportsIndirectInputEvents = YES;
				INFOPLIST_KEY_UILaunchScreen_Generation = YES;
				INFOPLIST_KEY_UISupportedInterfaceOrientations_iPad = "UIInterfaceOrientationPortrait UIInterfaceOrientationPortraitUpsideDown UIInterfaceOrientationLandscapeLeft UIInterfaceOrientationLandscapeRight";
				INFOPLIST_KEY_UISupportedInterfaceOrientations_iPhone = "UIInterfaceOrientationPortrait UIInterfaceOrientationLandscapeLeft UIInterfaceOrientationLandscapeRight";
				IPHONEOS_DEPLOYMENT_TARGET = 18.6;
				LD_RUNPATH_SEARCH_PATHS = (
					"$(inherited)",
					"@executable_path/Frameworks",
				);
				MARKETING_VERSION = 1.0;
				PRODUCT_BUNDLE_IDENTIFIER = "com.DO-projekt.smart-calorie-tracker";
				PRODUCT_NAME = "$(TARGET_NAME)";
				STRING_CATALOG_GENERATE_SYMBOLS = YES;
				SWIFT_APPROACHABLE_CONCURRENCY = YES;
				SWIFT_DEFAULT_ACTOR_ISOLATION = MainActor;
				SWIFT_EMIT_LOC_STRINGS = YES;
				SWIFT_UPCOMING_FEATURE_MEMBER_IMPORT_VISIBILITY = YES;
				SWIFT_VERSION = 5.0;
				TARGETED_DEVICE_FAMILY = "1,2";
			};
			name = Release;
		};
		3122FC092EEAC3FC0071184E /* Debug */ = {
			isa = XCBuildConfiguration;
			buildSettings = {
				BUNDLE_LOADER = "$(TEST_HOST)";
				CODE_SIGN_STYLE = Automatic;
				CURRENT_PROJECT_VERSION = 1;
				GENERATE_INFOPLIST_FILE = YES;
				IPHONEOS_DEPLOYMENT_TARGET = 26.1;
				MARKETING_VERSION = 1.0;
				PRODUCT_BUNDLE_IDENTIFIER = "com.DO-projekt.smart-calorie-trackerTests";
				PRODUCT_NAME = "$(TARGET_NAME)";
				STRING_CATALOG_GENERATE_SYMBOLS = NO;
				SWIFT_APPROACHABLE_CONCURRENCY = YES;
				SWIFT_EMIT_LOC_STRINGS = NO;
				SWIFT_UPCOMING_FEATURE_MEMBER_IMPORT_VISIBILITY = YES;
				SWIFT_VERSION = 5.0;
				TARGETED_DEVICE_FAMILY = "1,2";
				TEST_HOST = "$(BUILT_PRODUCTS_DIR)/smart-calorie-tracker.app/$(BUNDLE_EXECUTABLE_FOLDER_PATH)/smart-calorie-tracker";
			};
			name = Debug;
		};
		3122FC0A2EEAC3FC0071184E /* Release */ = {
			isa = XCBuildConfiguration;
			buildSettings = {
				BUNDLE_LOADER = "$(TEST_HOST)";
				CODE_SIGN_STYLE = Automatic;
				CURRENT_PROJECT_VERSION = 1;
				GENERATE_INFOPLIST_FILE = YES;
				IPHONEOS_DEPLOYMENT_TARGET = 26.1;
				MARKETING_VERSION = 1.0;
				PRODUCT_BUNDLE_IDENTIFIER = "com.DO-projekt.smart-calorie-trackerTests";
				PRODUCT_NAME = "$(TARGET_NAME)";
				STRING_CATALOG_GENERATE_SYMBOLS = NO;
				SWIFT_APPROACHABLE_CONCURRENCY = YES;
				SWIFT_EMIT_LOC_STRINGS = NO;
				SWIFT_UPCOMING_FEATURE_MEMBER_IMPORT_VISIBILITY = YES;
				SWIFT_VERSION = 5.0;
				TARGETED_DEVICE_FAMILY = "1,2";
				TEST_HOST = "$(BUILT_PRODUCTS_DIR)/smart-calorie-tracker.app/$(BUNDLE_EXECUTABLE_FOLDER_PATH)/smart-calorie-tracker";
			};
			name = Release;
		};
		3122FC0C2EEAC3FC0071184E /* Debug */ = {
			isa = XCBuildConfiguration;
			buildSettings = {
				CODE_SIGN_STYLE = Automatic;
				CURRENT_PROJECT_VERSION = 1;
				GENERATE_INFOPLIST_FILE = YES;
				MARKETING_VERSION = 1.0;
				PRODUCT_BUNDLE_IDENTIFIER = "com.DO-projekt.smart-calorie-trackerUITests";
				PRODUCT_NAME = "$(TARGET_NAME)";
				STRING_CATALOG_GENERATE_SYMBOLS = NO;
				SWIFT_APPROACHABLE_CONCURRENCY = YES;
				SWIFT_EMIT_LOC_STRINGS = NO;
				SWIFT_UPCOMING_FEATURE_MEMBER_IMPORT_VISIBILITY = YES;
				SWIFT_VERSION = 5.0;
				TARGETED_DEVICE_FAMILY = "1,2";
				TEST_TARGET_NAME = "smart-calorie-tracker";
			};
			name = Debug;
		};
		3122FC0D2EEAC3FC0071184E /* Release */ = {
			isa = XCBuildConfiguration;
			buildSettings = {
				CODE_SIGN_STYLE = Automatic;
				CURRENT_PROJECT_VERSION = 1;
				GENERATE_INFOPLIST_FILE = YES;
				MARKETING_VERSION = 1.0;
				PRODUCT_BUNDLE_IDENTIFIER = "com.DO-projekt.smart-calorie-trackerUITests";
				PRODUCT_NAME = "$(TARGET_NAME)";
				STRING_CATALOG_GENERATE_SYMBOLS = NO;
				SWIFT_APPROACHABLE_CONCURRENCY = YES;
				SWIFT_EMIT_LOC_STRINGS = NO;
				SWIFT_UPCOMING_FEATURE_MEMBER_IMPORT_VISIBILITY = YES;
				SWIFT_VERSION = 5.0;
				TARGETED_DEVICE_FAMILY = "1,2";
				TEST_TARGET_NAME = "smart-calorie-tracker";
			};
			name = Release;
		};
/* End XCBuildConfiguration section */

/* Begin XCConfigurationList section */
		3122FBDD2EEAC3F90071184E /* Build configuration list for PBXProject "smart-calorie-tracker" */ = {
			isa = XCConfigurationList;
			buildConfigurations = (
				3122FC032EEAC3FC0071184E /* Debug */,
				3122FC042EEAC3FC0071184E /* Release */,
			);
			defaultConfigurationIsVisible = 0;
			defaultConfigurationName = Release;
		};
		3122FC052EEAC3FC0071184E /* Build configuration list for PBXNativeTarget "smart-calorie-tracker" */ = {
			isa = XCConfigurationList;
			buildConfigurations = (
				3122FC062EEAC3FC0071184E /* Debug */,
				3122FC072EEAC3FC0071184E /* Release */,
			);
			defaultConfigurationIsVisible = 0;
			defaultConfigurationName = Release;
		};
		3122FC082EEAC3FC0071184E /* Build configuration list for PBXNativeTarget "smart-calorie-trackerTests" */ = {
			isa = XCConfigurationList;
			buildConfigurations = (
				3122FC092EEAC3FC0071184E /* Debug */,
				3122FC0A2EEAC3FC0071184E /* Release */,
			);
			defaultConfigurationIsVisible = 0;
			defaultConfigurationName = Release;
		};
		3122FC0B2EEAC3FC0071184E /* Build configuration list for PBXNativeTarget "smart-calorie-trackerUITests" */ = {
			isa = XCConfigurationList;
			buildConfigurations = (
				3122FC0C2EEAC3FC0071184E /* Debug */,
				3122FC0D2EEAC3FC0071184E /* Release */,
			);
			defaultConfigurationIsVisible = 0;
			defaultConfigurationName = Release;
		};
/* End XCConfigurationList section */
	};
	rootObject = 3122FBDA2EEAC3F90071184E /* Project object */;
}
